
Microsoft Visual Studio Solution File, Format Version 12.00
# Visual Studio Version 16
VisualStudioVersion = 16.0.30523.141
MinimumVisualStudioVersion = 10.0.40219.1
Project("{9A19103F-16F7-4668-BE54-9A1E7A4F7556}") = "BankingManagerDesktopUI", "BankingManagerDesktopUI\BankingManagerDesktopUI.csproj", "{FFEDCAE4-8759-4A89-98EE-DE85E180C798}"
EndProject
Project("{9A19103F-16F7-4668-BE54-9A1E7A4F7556}") = "BankingManagerDataLib", "BankingManagerDataLib\BankingManagerDataLib.csproj", "{5FD5C216-0C38-465B-90EF-9396D1A6E5AD}"
EndProject
Project("{FAE04EC0-301F-11D3-BF4B-00C04F79EFBC}") = "BankingManagerTests", "BankingManagerTests\BankingManagerTests.csproj", "{5213BBDE-CE80-47C0-89A8-530604F68AE1}"
EndProject
Global
	GlobalSection(SolutionConfigurationPlatforms) = preSolution
		Debug|Any CPU = Debug|Any CPU
		Release|Any CPU = Release|Any CPU
	EndGlobalSection
	GlobalSection(ProjectConfigurationPlatforms) = postSolution
		{FFEDCAE4-8759-4A89-98EE-DE85E180C798}.Debug|Any CPU.ActiveCfg = Debug|Any CPU
		{FFEDCAE4-8759-4A89-98EE-DE85E180C798}.Debug|Any CPU.Build.0 = Debug|Any CPU
		{FFEDCAE4-8759-4A89-98EE-DE85E180C798}.Release|Any CPU.ActiveCfg = Release|Any CPU
		{FFEDCAE4-8759-4A89-98EE-DE85E180C798}.Release|Any CPU.Build.0 = Release|Any CPU
		{5FD5C216-0C38-465B-90EF-9396D1A6E5AD}.Debug|Any CPU.ActiveCfg = Debug|Any CPU
		{5FD5C216-0C38-465B-90EF-9396D1A6E5AD}.Debug|Any CPU.Build.0 = Debug|Any CPU
		{5FD5C216-0C38-465B-90EF-9396D1A6E5AD}.Release|Any CPU.ActiveCfg = Release|Any CPU
		{5FD5C216-0C38-465B-90EF-9396D1A6E5AD}.Release|Any CPU.Build.0 = Release|Any CPU
		{5213BBDE-CE80-47C0-89A8-530604F68AE1}.Debug|Any CPU.ActiveCfg = Debug|Any CPU
		{5213BBDE-CE80-47C0-89A8-530604F68AE1}.Debug|Any CPU.Build.0 = Debug|Any CPU
		{5213BBDE-CE80-47C0-89A8-530604F68AE1}.Release|Any CPU.ActiveCfg = Release|Any CPU
		{5213BBDE-CE80-47C0-89A8-530604F68AE1}.Release|Any CPU.Build.0 = Release|Any CPU
	EndGlobalSection
	GlobalSection(SolutionProperties) = preSolution
		HideSolutionNode = FALSE
	EndGlobalSection
	GlobalSection(ExtensibilityGlobals) = postSolution
		SolutionGuid = {08B1E6DB-1B5F-46C6-8379-E3F027E30D82}
	EndGlobalSection
EndGlobal
